
Microsoft Visual Studio Solution File, Format Version 12.00
# Visual Studio Version 17
VisualStudioVersion = 17.5.002.0
MinimumVisualStudioVersion = 10.0.40219.1
Project("{9A19103F-16F7-4668-BE54-9A1E7A4F7556}") = "Vinterprojektet", "Vinterprojektet.csproj", "{32CCFC49-E6AD-49B0-B404-D73ABE0E8AAA}"
EndProject
Global
	GlobalSection(SolutionConfigurationPlatforms) = preSolution
		Debug|Any CPU = Debug|Any CPU
		Release|Any CPU = Release|Any CPU
	EndGlobalSection
	GlobalSection(ProjectConfigurationPlatforms) = postSolution
		{32CCFC49-E6AD-49B0-B404-D73ABE0E8AAA}.Debug|Any CPU.ActiveCfg = Debug|Any CPU
		{32CCFC49-E6AD-49B0-B404-D73ABE0E8AAA}.Debug|Any CPU.Build.0 = Debug|Any CPU
		{32CCFC49-E6AD-49B0-B404-D73ABE0E8AAA}.Release|Any CPU.ActiveCfg = Release|Any CPU
		{32CCFC49-E6AD-49B0-B404-D73ABE0E8AAA}.Release|Any CPU.Build.0 = Release|Any CPU
	EndGlobalSection
	GlobalSection(SolutionProperties) = preSolution
		HideSolutionNode = FALSE
	EndGlobalSection
	GlobalSection(ExtensibilityGlobals) = postSolution
		SolutionGuid = {87A8FC9E-EDC0-4E84-9532-BC94EAED1066}
	EndGlobalSection
EndGlobal
